
Microsoft Visual Studio Solution File, Format Version 12.00
# Visual Studio Version 17
VisualStudioVersion = 17.10.35013.160
MinimumVisualStudioVersion = 10.0.40219.1
Project("{9A19103F-16F7-4668-BE54-9A1E7A4F7556}") = "Twitter_Clone.API", "Twitter_Clone\Twitter_Clone.API.csproj", "{78297C0A-865E-46CA-BA07-15CC084C587A}"
EndProject
Project("{FAE04EC0-301F-11D3-BF4B-00C04F79EFBC}") = "TwitterClone.UI", "TwitterClone.UI\TwitterClone.UI.csproj", "{D0FDA6CC-587F-467A-A7A3-D5FD45E2CACA}"
EndProject
Global
	GlobalSection(SolutionConfigurationPlatforms) = preSolution
		Debug|Any CPU = Debug|Any CPU
		Release|Any CPU = Release|Any CPU
	EndGlobalSection
	GlobalSection(ProjectConfigurationPlatforms) = postSolution
		{78297C0A-865E-46CA-BA07-15CC084C587A}.Debug|Any CPU.ActiveCfg = Debug|Any CPU
		{78297C0A-865E-46CA-BA07-15CC084C587A}.Debug|Any CPU.Build.0 = Debug|Any CPU
		{78297C0A-865E-46CA-BA07-15CC084C587A}.Release|Any CPU.ActiveCfg = Release|Any CPU
		{78297C0A-865E-46CA-BA07-15CC084C587A}.Release|Any CPU.Build.0 = Release|Any CPU
		{D0FDA6CC-587F-467A-A7A3-D5FD45E2CACA}.Debug|Any CPU.ActiveCfg = Debug|Any CPU
		{D0FDA6CC-587F-467A-A7A3-D5FD45E2CACA}.Debug|Any CPU.Build.0 = Debug|Any CPU
		{D0FDA6CC-587F-467A-A7A3-D5FD45E2CACA}.Release|Any CPU.ActiveCfg = Release|Any CPU
		{D0FDA6CC-587F-467A-A7A3-D5FD45E2CACA}.Release|Any CPU.Build.0 = Release|Any CPU
	EndGlobalSection
	GlobalSection(SolutionProperties) = preSolution
		HideSolutionNode = FALSE
	EndGlobalSection
	GlobalSection(ExtensibilityGlobals) = postSolution
		SolutionGuid = {015D7CB7-FB53-43E5-B44D-944F8EA7B461}
	EndGlobalSection
EndGlobal
